{
  "originHash" : "85282a55e4e26c16899e2979f99b04bf6fddceedbd3c87db047fb857d7a1ebda",
  "pins" : [
    {
      "identity" : "appier-ios-framework",
      "kind" : "remoteSourceControl",
      "location" : "https://github.com/appier/appier-ios-framework",
      "state" : {
        "revision" : "c3b0c24aa4a3653af163e8abbb7ad820e8370394",
        "version" : "8.11.3"
      }
    },
    {
      "identity" : "kmp-nativecoroutines",
      "kind" : "remoteSourceControl",
      "location" : "https://github.com/rickclephas/KMP-NativeCoroutines.git",
      "state" : {
        "revision" : "25d8cefda2389ad82cd9751750fc840961355214",
        "version" : "1.0.6-spm-async"
      }
    }
  ],
  "version" : 3
}
